# This file is automatically @generated by Poetry 1.6.1 and should not be changed by hand.

[[package]]
name = "fire"
version = "0.5.0"
description = "A library for automatically generating command line interfaces."
optional = false
python-versions = "*"
files = [
    {file = "fire-0.5.0.tar.gz", hash = "sha256:a6b0d49e98c8963910021f92bba66f65ab440da2982b78eb1bbf95a0a34aacc6"},
]

[package.dependencies]
six = "*"
termcolor = "*"

[[package]]
name = "pyro5"
version = "5.15"
description = "Remote object communication library, fifth major version"
optional = false
python-versions = ">=3.7"
files = [
    {file = "Pyro5-5.15-py3-none-any.whl", hash = "sha256:4d85428ed75985e63f159d2486ad5680743ea76f766340fd30b65dd20f83d471"},
    {file = "Pyro5-5.15.tar.gz", hash = "sha256:82c3dfc9860b49f897b28ff24fe6716c841672c600af8fe40d0e3a7fac9a3f5e"},
]

[package.dependencies]
serpent = ">=1.41"

[[package]]
name = "serpent"
version = "1.41"
description = "Serialization based on ast.literal_eval"
optional = false
python-versions = ">=3.2"
files = [
    {file = "serpent-1.41-py3-none-any.whl", hash = "sha256:5fd776b3420441985bc10679564c2c9b4a19f77bea59f018e473441d98ae5dd7"},
    {file = "serpent-1.41.tar.gz", hash = "sha256:0407035fe3c6644387d48cff1467d5aa9feff814d07372b78677ed0ee3ed7095"},
]

[[package]]
name = "six"
version = "1.16.0"
description = "Python 2 and 3 compatibility utilities"
optional = false
python-versions = ">=2.7, !=3.0.*, !=3.1.*, !=3.2.*"
files = [
    {file = "six-1.16.0-py2.py3-none-any.whl", hash = "sha256:8abb2f1d86890a2dfb989f9a77cfcfd3e47c2a354b01111771326f8aa26e0254"},
    {file = "six-1.16.0.tar.gz", hash = "sha256:1e61c37477a1626458e36f7b1d82aa5c9b094fa4802892072e49de9c60c4c926"},
]

[[package]]
name = "termcolor"
version = "2.3.0"
description = "ANSI color formatting for output in terminal"
optional = false
python-versions = ">=3.7"
files = [
    {file = "termcolor-2.3.0-py3-none-any.whl", hash = "sha256:3afb05607b89aed0ffe25202399ee0867ad4d3cb4180d98aaf8eefa6a5f7d475"},
    {file = "termcolor-2.3.0.tar.gz", hash = "sha256:b5b08f68937f138fe92f6c089b99f1e2da0ae56c52b78bf7075fd95420fd9a5a"},
]

[package.extras]
tests = ["pytest", "pytest-cov"]

[metadata]
lock-version = "2.0"
python-versions = "^3.10"
content-hash = "38d089eb39cb824b2f86a4b155a3d4bc37c139d102200b14a098eaf8edb03049"
